lockfileVersion: '9.0'

settings:
  autoInstallPeers: true
  excludeLinksFromLockfile: false

importers:

  .:
    dependencies:
      '@neondatabase/serverless':
        specifier: ^1.0.1
        version: 1.0.1
      dotenv:
        specifier: ^17.0.1
        version: 17.0.1

packages:

  '@neondatabase/serverless@1.0.1':
    resolution: {integrity: sha512-O6yC5TT0jbw86VZVkmnzCZJB0hfxBl0JJz6f+3KHoZabjb/X08r9eFA+vuY06z1/qaovykvdkrXYq3SPUuvogA==}
    engines: {node: '>=19.0.0'}

  '@types/node@22.16.0':
    resolution: {integrity: sha512-B2egV9wALML1JCpv3VQoQ+yesQKAmNMBIAY7OteVrikcOcAkWm+dGL6qpeCktPjAv6N1JLnhbNiqS35UpFyBsQ==}

  '@types/pg@8.15.4':
    resolution: {integrity: sha512-I6UNVBAoYbvuWkkU3oosC8yxqH21f4/Jc4DK71JLG3dT2mdlGe1z+ep/LQGXaKaOgcvUrsQoPRqfgtMcvZiJhg==}

  dotenv@17.0.1:
    resolution: {integrity: sha512-GLjkduuAL7IMJg/ZnOPm9AnWKJ82mSE2tzXLaJ/6hD6DhwGfZaXG77oB8qbReyiczNxnbxQKyh0OE5mXq0bAHA==}
    engines: {node: '>=12'}

  pg-int8@1.0.1:
    resolution: {integrity: sha512-WCtabS6t3c8SkpDBUlb1kjOs7l66xsGdKpIPZsg4wR+B3+u9UAum2odSsF9tnvxg80h4ZxLWMy4pRjOsFIqQpw==}
    engines: {node: '>=4.0.0'}

  pg-protocol@1.10.3:
    resolution: {integrity: sha512-6DIBgBQaTKDJyxnXaLiLR8wBpQQcGWuAESkRBX/t6OwA8YsqP+iVSiond2EDy6Y/dsGk8rh/jtax3js5NeV7JQ==}

  pg-types@2.2.0:
    resolution: {integrity: sha512-qTAAlrEsl8s4OiEQY69wDvcMIdQN6wdz5ojQiOy6YRMuynxenON0O5oCpJI6lshc6scgAY8qvJ2On/p+CXY0GA==}
    engines: {node: '>=4'}

  postgres-array@2.0.0:
    resolution: {integrity: sha512-VpZrUqU5A69eQyW2c5CA1jtLecCsN2U/bD6VilrFDWq5+5UIEVO7nazS3TEcHf1zuPYO/sqGvUvW62g86RXZuA==}
    engines: {node: '>=4'}

  postgres-bytea@1.0.0:
    resolution: {integrity: sha512-xy3pmLuQqRBZBXDULy7KbaitYqLcmxigw14Q5sj8QBVLqEwXfeybIKVWiqAXTlcvdvb0+xkOtDbfQMOf4lST1w==}
    engines: {node: '>=0.10.0'}

  postgres-date@1.0.7:
    resolution: {integrity: sha512-suDmjLVQg78nMK2UZ454hAG+OAW+HQPZ6n++TNDUX+L0+uUlLywnoxJKDou51Zm+zTCjrCl0Nq6J9C5hP9vK/Q==}
    engines: {node: '>=0.10.0'}

  postgres-interval@1.2.0:
    resolution: {integrity: sha512-9ZhXKM/rw350N1ovuWHbGxnGh/SNJ4cnxHiM0rxE4VN41wsg8P8zWn9hv/buK00RP4WvlOyr/RBDiptyxVbkZQ==}
    engines: {node: '>=0.10.0'}

  undici-types@6.21.0:
    resolution: {integrity: sha512-iwDZqg0QAGrg9Rav5H4n0M64c3mkR59cJ6wQp+7C4nI0gsmExaedaYLNO44eT4AtBBwjbTiGPMlt2Md0T9H9JQ==}

  xtend@4.0.2:
    resolution: {integrity: sha512-LKYU1iAXJXUgAXn9URjiu+MWhyUXHsvfp7mcuYm9dSUKK0/CjtrUwFAxD82/mCWbtLsGjFIad0wIsod4zrTAEQ==}
    engines: {node: '>=0.4'}

snapshots:

  '@neondatabase/serverless@1.0.1':
    dependencies:
      '@types/node': 22.16.0
      '@types/pg': 8.15.4

  '@types/node@22.16.0':
    dependencies:
      undici-types: 6.21.0

  '@types/pg@8.15.4':
    dependencies:
      '@types/node': 22.16.0
      pg-protocol: 1.10.3
      pg-types: 2.2.0

  dotenv@17.0.1: {}

  pg-int8@1.0.1: {}

  pg-protocol@1.10.3: {}

  pg-types@2.2.0:
    dependencies:
      pg-int8: 1.0.1
      postgres-array: 2.0.0
      postgres-bytea: 1.0.0
      postgres-date: 1.0.7
      postgres-interval: 1.2.0

  postgres-array@2.0.0: {}

  postgres-bytea@1.0.0: {}

  postgres-date@1.0.7: {}

  postgres-interval@1.2.0:
    dependencies:
      xtend: 4.0.2

  undici-types@6.21.0: {}

  xtend@4.0.2: {}
